
Microsoft Visual Studio Solution File, Format Version 12.00
# Visual Studio Version 17
VisualStudioVersion = 17.0.31919.166
MinimumVisualStudioVersion = 10.0.40219.1
Project("{FAE04EC0-301F-11D3-BF4B-00C04F79EFBC}") = "Errors", "Errors.csproj", "{0DDC506A-FECE-4A4E-9BDC-F1D404874216}"
EndProject
Global
	GlobalSection(SolutionConfigurationPlatforms) = preSolution
		Debug|Any CPU = Debug|Any CPU
		Release|Any CPU = Release|Any CPU
	EndGlobalSection
	GlobalSection(ProjectConfigurationPlatforms) = postSolution
		{0DDC506A-FECE-4A4E-9BDC-F1D404874216}.Debug|Any CPU.ActiveCfg = Debug|Any CPU
		{0DDC506A-FECE-4A4E-9BDC-F1D404874216}.Debug|Any CPU.Build.0 = Debug|Any CPU
		{0DDC506A-FECE-4A4E-9BDC-F1D404874216}.Release|Any CPU.ActiveCfg = Release|Any CPU
		{0DDC506A-FECE-4A4E-9BDC-F1D404874216}.Release|Any CPU.Build.0 = Release|Any CPU
	EndGlobalSection
	GlobalSection(SolutionProperties) = preSolution
		HideSolutionNode = FALSE
	EndGlobalSection
	GlobalSection(ExtensibilityGlobals) = postSolution
		SolutionGuid = {C2A8E5F8-CF0E-4CE5-9775-2FAFF7E4CECD}
	EndGlobalSection
EndGlobal
